PODS:
  - Eureka (1.7.0)
  - Realm (1.1.0):
    - Realm/Headers (= 1.1.0)
  - Realm/Headers (1.1.0)
  - RealmSwift (1.1.0):
    - Realm (= 1.1.0)

DEPENDENCIES:
  - Eureka (~> 1.7)
  - RealmSwift

SPEC CHECKSUMS:
  Eureka: 2020d9faeef7b7e9adeb9e3d8af779e5931c1897
  Realm: ceecf1a4540c4ce9efe196fe73fa9855bce05bd8
  RealmSwift: 838058b2db95b12cb86bd0cf209df642c33fb60a

PODFILE CHECKSUM: b90fb69af0d461618151ae12d47d0a531e8afd15

COCOAPODS: 1.0.1
